
Microsoft Visual Studio Solution File, Format Version 12.00
# Visual Studio Version 16
VisualStudioVersion = 16.0.31402.337
MinimumVisualStudioVersion = 10.0.40219.1
Project("{FAE04EC0-301F-11D3-BF4B-00C04F79EFBC}") = "Windows Forms Event Handing", "Windows Forms Event Handing\Windows Forms Event Handing.csproj", "{357C9D95-63CD-489C-AFBE-5F2EE9CC1657}"
EndProject
Global
	GlobalSection(SolutionConfigurationPlatforms) = preSolution
		Debug|Any CPU = Debug|Any CPU
		Release|Any CPU = Release|Any CPU
	EndGlobalSection
	GlobalSection(ProjectConfigurationPlatforms) = postSolution
		{357C9D95-63CD-489C-AFBE-5F2EE9CC1657}.Debug|Any CPU.ActiveCfg = Debug|Any CPU
		{357C9D95-63CD-489C-AFBE-5F2EE9CC1657}.Debug|Any CPU.Build.0 = Debug|Any CPU
		{357C9D95-63CD-489C-AFBE-5F2EE9CC1657}.Release|Any CPU.ActiveCfg = Release|Any CPU
		{357C9D95-63CD-489C-AFBE-5F2EE9CC1657}.Release|Any CPU.Build.0 = Release|Any CPU
	EndGlobalSection
	GlobalSection(SolutionProperties) = preSolution
		HideSolutionNode = FALSE
	EndGlobalSection
	GlobalSection(ExtensibilityGlobals) = postSolution
		SolutionGuid = {2ECE339C-BF31-4641-BE72-042BABC7DC37}
	EndGlobalSection
EndGlobal
